{
  "name": "peak-training",
  "lockfileVersion": 2,
  "requires": true,
  "packages": {
    "": {
      "dependencies": {
        "echarts": "4.8.0",
        "preact": "10.5.13"
      },
      "devDependencies": {
        "@types/echarts": "4.9.0"
      }
    },
    "node_modules/@types/echarts": {
      "version": "4.9.0",
      "resolved": "https://registry.npmjs.org/@types/echarts/-/echarts-4.9.0.tgz",
      "integrity": "sha512-9QIAUe6cxM5GyGNCIhlEwf7l5oclZDVM0HNRfehPx3dDUt1Jfhbvp/U2wfgwtL/IDqyASBVs1zu4qyaCsuJINA==",
      "dev": true,
      "dependencies": {
        "@types/zrender": "*"
      }
    },
    "node_modules/@types/zrender": {
      "version": "4.0.0",
      "resolved": "https://registry.npmjs.org/@types/zrender/-/zrender-4.0.0.tgz",
      "integrity": "sha512-s89GOIeKFiod2KSqHkfd2rzx+T2DVu7ihZCBEBnhFrzvQPUmzvDSBot9Fi1DfMQm9Odg+rTqoMGC38RvrwJK2w==",
      "dev": true
    },
    "node_modules/echarts": {
      "version": "4.8.0",
      "resolved": "https://registry.npmjs.org/echarts/-/echarts-4.8.0.tgz",
      "integrity": "sha512-YwShpug8fWngj/RlgxDaYrLBoD+LsZUArrusjNPHpAF+is+gGe38xx4W848AwWMGoi745t3OXM52JedNrv+F6g==",
      "dependencies": {
        "zrender": "4.3.1"
      }
    },
    "node_modules/preact": {
      "version": "10.5.13",
      "resolved": "https://registry.npmjs.org/preact/-/preact-10.5.13.tgz",
      "integrity": "sha512-q/vlKIGNwzTLu+jCcvywgGrt+H/1P/oIRSD6mV4ln3hmlC+Aa34C7yfPI4+5bzW8pONyVXYS7SvXosy2dKKtWQ==",
      "funding": {
        "type": "opencollective",
        "url": "https://opencollective.com/preact"
      }
    },
    "node_modules/zrender": {
      "version": "4.3.1",
      "resolved": "https://registry.npmjs.org/zrender/-/zrender-4.3.1.tgz",
      "integrity": "sha512-CeH2TpJeCdG0TAGYoPSAcFX2ogdug1K7LIn9UO/q9HWqQ54gWhrMAlDP9AwWYMUDhrPe4VeazQ4DW3msD96nUQ=="
    }
  },
  "dependencies": {
    "@types/echarts": {
      "version": "4.9.0",
      "resolved": "https://registry.npmjs.org/@types/echarts/-/echarts-4.9.0.tgz",
      "integrity": "sha512-9QIAUe6cxM5GyGNCIhlEwf7l5oclZDVM0HNRfehPx3dDUt1Jfhbvp/U2wfgwtL/IDqyASBVs1zu4qyaCsuJINA==",
      "dev": true,
      "requires": {
        "@types/zrender": "*"
      }
    },
    "@types/zrender": {
      "version": "4.0.0",
      "resolved": "https://registry.npmjs.org/@types/zrender/-/zrender-4.0.0.tgz",
      "integrity": "sha512-s89GOIeKFiod2KSqHkfd2rzx+T2DVu7ihZCBEBnhFrzvQPUmzvDSBot9Fi1DfMQm9Odg+rTqoMGC38RvrwJK2w==",
      "dev": true
    },
    "echarts": {
      "version": "4.8.0",
      "resolved": "https://registry.npmjs.org/echarts/-/echarts-4.8.0.tgz",
      "integrity": "sha512-YwShpug8fWngj/RlgxDaYrLBoD+LsZUArrusjNPHpAF+is+gGe38xx4W848AwWMGoi745t3OXM52JedNrv+F6g==",
      "requires": {
        "zrender": "4.3.1"
      }
    },
    "preact": {
      "version": "10.5.13",
      "resolved": "https://registry.npmjs.org/preact/-/preact-10.5.13.tgz",
      "integrity": "sha512-q/vlKIGNwzTLu+jCcvywgGrt+H/1P/oIRSD6mV4ln3hmlC+Aa34C7yfPI4+5bzW8pONyVXYS7SvXosy2dKKtWQ=="
    },
    "zrender": {
      "version": "4.3.1",
      "resolved": "https://registry.npmjs.org/zrender/-/zrender-4.3.1.tgz",
      "integrity": "sha512-CeH2TpJeCdG0TAGYoPSAcFX2ogdug1K7LIn9UO/q9HWqQ54gWhrMAlDP9AwWYMUDhrPe4VeazQ4DW3msD96nUQ=="
    }
  }
}
